
Microsoft Visual Studio Solution File, Format Version 12.00
Project("{FAE04EC0-301F-11D3-BF4B-00C04F79EFBC}") = "CountSubstringModels", "CountSubstringModels\CountSubstringModels.csproj", "{FB05EA2F-3A25-4456-9161-0AAF7389A206}"
EndProject
Project("{FAE04EC0-301F-11D3-BF4B-00C04F79EFBC}") = "CountSubstringInList.Tests", "CountSubstringInList.Tests\CountSubstringInList.Tests.csproj", "{4C985FEA-2B68-44DE-A565-7EE7AB0D429C}"
EndProject
Project("{FAE04EC0-301F-11D3-BF4B-00C04F79EFBC}") = "ConsoleApp", "ConsoleApp\ConsoleApp.csproj", "{6EAA5488-CD1F-48D6-82A7-98F6E67A6E55}"
EndProject
Global
	GlobalSection(SolutionConfigurationPlatforms) = preSolution
		Debug|Any CPU = Debug|Any CPU
		Release|Any CPU = Release|Any CPU
	EndGlobalSection
	GlobalSection(ProjectConfigurationPlatforms) = postSolution
		{FB05EA2F-3A25-4456-9161-0AAF7389A206}.Debug|Any CPU.ActiveCfg = Debug|Any CPU
		{FB05EA2F-3A25-4456-9161-0AAF7389A206}.Debug|Any CPU.Build.0 = Debug|Any CPU
		{FB05EA2F-3A25-4456-9161-0AAF7389A206}.Release|Any CPU.ActiveCfg = Release|Any CPU
		{FB05EA2F-3A25-4456-9161-0AAF7389A206}.Release|Any CPU.Build.0 = Release|Any CPU
		{4C985FEA-2B68-44DE-A565-7EE7AB0D429C}.Debug|Any CPU.ActiveCfg = Debug|Any CPU
		{4C985FEA-2B68-44DE-A565-7EE7AB0D429C}.Debug|Any CPU.Build.0 = Debug|Any CPU
		{4C985FEA-2B68-44DE-A565-7EE7AB0D429C}.Release|Any CPU.ActiveCfg = Release|Any CPU
		{4C985FEA-2B68-44DE-A565-7EE7AB0D429C}.Release|Any CPU.Build.0 = Release|Any CPU
		{6EAA5488-CD1F-48D6-82A7-98F6E67A6E55}.Debug|Any CPU.ActiveCfg = Debug|Any CPU
		{6EAA5488-CD1F-48D6-82A7-98F6E67A6E55}.Debug|Any CPU.Build.0 = Debug|Any CPU
		{6EAA5488-CD1F-48D6-82A7-98F6E67A6E55}.Release|Any CPU.ActiveCfg = Release|Any CPU
		{6EAA5488-CD1F-48D6-82A7-98F6E67A6E55}.Release|Any CPU.Build.0 = Release|Any CPU
	EndGlobalSection
EndGlobal
